
Microsoft Visual Studio Solution File, Format Version 12.00
# Visual Studio 15
VisualStudioVersion = 15.0.27428.2015
MinimumVisualStudioVersion = 10.0.40219.1
Project("{FAE04EC0-301F-11D3-BF4B-00C04F79EFBC}") = "HoleFilling", "HoleFIlling\HoleFilling.csproj", "{6E001116-6813-4412-9B91-6B60C864A886}"
EndProject
Project("{FAE04EC0-301F-11D3-BF4B-00C04F79EFBC}") = "HoleFillingConsole", "ConsoleApp1\HoleFillingConsole.csproj", "{5EFC9137-15A2-4983-851D-4E4D91414D72}"
EndProject
Project("{FAE04EC0-301F-11D3-BF4B-00C04F79EFBC}") = "HoleFillingTests", "HoleFillingTests\HoleFillingTests.csproj", "{2CDC980E-B218-4AF7-85ED-8728C63087B1}"
EndProject
Global
	GlobalSection(SolutionConfigurationPlatforms) = preSolution
		Debug|Any CPU = Debug|Any CPU
		Release|Any CPU = Release|Any CPU
	EndGlobalSection
	GlobalSection(ProjectConfigurationPlatforms) = postSolution
		{6E001116-6813-4412-9B91-6B60C864A886}.Debug|Any CPU.ActiveCfg = Debug|Any CPU
		{6E001116-6813-4412-9B91-6B60C864A886}.Debug|Any CPU.Build.0 = Debug|Any CPU
		{6E001116-6813-4412-9B91-6B60C864A886}.Release|Any CPU.ActiveCfg = Release|Any CPU
		{6E001116-6813-4412-9B91-6B60C864A886}.Release|Any CPU.Build.0 = Release|Any CPU
		{5EFC9137-15A2-4983-851D-4E4D91414D72}.Debug|Any CPU.ActiveCfg = Debug|Any CPU
		{5EFC9137-15A2-4983-851D-4E4D91414D72}.Debug|Any CPU.Build.0 = Debug|Any CPU
		{5EFC9137-15A2-4983-851D-4E4D91414D72}.Release|Any CPU.ActiveCfg = Release|Any CPU
		{5EFC9137-15A2-4983-851D-4E4D91414D72}.Release|Any CPU.Build.0 = Release|Any CPU
		{2CDC980E-B218-4AF7-85ED-8728C63087B1}.Debug|Any CPU.ActiveCfg = Debug|Any CPU
		{2CDC980E-B218-4AF7-85ED-8728C63087B1}.Debug|Any CPU.Build.0 = Debug|Any CPU
		{2CDC980E-B218-4AF7-85ED-8728C63087B1}.Release|Any CPU.ActiveCfg = Release|Any CPU
		{2CDC980E-B218-4AF7-85ED-8728C63087B1}.Release|Any CPU.Build.0 = Release|Any CPU
	EndGlobalSection
	GlobalSection(SolutionProperties) = preSolution
		HideSolutionNode = FALSE
	EndGlobalSection
	GlobalSection(ExtensibilityGlobals) = postSolution
		SolutionGuid = {E9634481-DD3F-4DA9-9456-EB2C4CE96E1C}
	EndGlobalSection
EndGlobal
